
Microsoft Visual Studio Solution File, Format Version 12.00
# Visual Studio Version 16
VisualStudioVersion = 16.0.30128.74
MinimumVisualStudioVersion = 10.0.40219.1
Project("{FAE04EC0-301F-11D3-BF4B-00C04F79EFBC}") = "HomeworkAbstractClassAndInterface", "HomeworkAbstractClassAndInterface\HomeworkAbstractClassAndInterface.csproj", "{B99F8EA0-9856-4D0D-AF7B-1A14CF7C87E1}"
EndProject
Global
	GlobalSection(SolutionConfigurationPlatforms) = preSolution
		Debug|Any CPU = Debug|Any CPU
		Release|Any CPU = Release|Any CPU
	EndGlobalSection
	GlobalSection(ProjectConfigurationPlatforms) = postSolution
		{B99F8EA0-9856-4D0D-AF7B-1A14CF7C87E1}.Debug|Any CPU.ActiveCfg = Debug|Any CPU
		{B99F8EA0-9856-4D0D-AF7B-1A14CF7C87E1}.Debug|Any CPU.Build.0 = Debug|Any CPU
		{B99F8EA0-9856-4D0D-AF7B-1A14CF7C87E1}.Release|Any CPU.ActiveCfg = Release|Any CPU
		{B99F8EA0-9856-4D0D-AF7B-1A14CF7C87E1}.Release|Any CPU.Build.0 = Release|Any CPU
	EndGlobalSection
	GlobalSection(SolutionProperties) = preSolution
		HideSolutionNode = FALSE
	EndGlobalSection
	GlobalSection(ExtensibilityGlobals) = postSolution
		SolutionGuid = {682DF765-58A0-411B-A8BB-02A637AD8F1B}
	EndGlobalSection
EndGlobal
