
Microsoft Visual Studio Solution File, Format Version 12.00
# Visual Studio Version 16
VisualStudioVersion = 16.0.30413.136
MinimumVisualStudioVersion = 10.0.40219.1
Project("{FAE04EC0-301F-11D3-BF4B-00C04F79EFBC}") = "BookRentApp.v1", "BookRentApp.v1\BookRentApp.v1.csproj", "{EC8228AF-5B95-4995-9A5F-B324486A3212}"
EndProject
Global
	GlobalSection(SolutionConfigurationPlatforms) = preSolution
		Debug|Any CPU = Debug|Any CPU
		Release|Any CPU = Release|Any CPU
	EndGlobalSection
	GlobalSection(ProjectConfigurationPlatforms) = postSolution
		{EC8228AF-5B95-4995-9A5F-B324486A3212}.Debug|Any CPU.ActiveCfg = Debug|Any CPU
		{EC8228AF-5B95-4995-9A5F-B324486A3212}.Debug|Any CPU.Build.0 = Debug|Any CPU
		{EC8228AF-5B95-4995-9A5F-B324486A3212}.Release|Any CPU.ActiveCfg = Release|Any CPU
		{EC8228AF-5B95-4995-9A5F-B324486A3212}.Release|Any CPU.Build.0 = Release|Any CPU
	EndGlobalSection
	GlobalSection(SolutionProperties) = preSolution
		HideSolutionNode = FALSE
	EndGlobalSection
	GlobalSection(ExtensibilityGlobals) = postSolution
		SolutionGuid = {527E871C-DB4B-4B76-A49F-85D594226A34}
	EndGlobalSection
EndGlobal
